<?xml version="1.0" encoding="utf-8"?>
<Project ToolsVersion="4.0" xmlns="http://schemas.microsoft.com/developer/msbuild/2003">
  <ItemGroup>
    <Filter Include="Quelldateien">
      <UniqueIdentifier>{4FC737F1-C7A5-4376-A066-2A32D752A2FF}</UniqueIdentifier>
      <Extensions>cpp;c;cc;cxx;def;odl;idl;hpj;bat;asm;asmx</Extensions>
    </Filter>
    <Filter Include="Headerdateien">
      <UniqueIdentifier>{93995380-89BD-4b04-88EB-625FBE52EBFB}</UniqueIdentifier>
      <Extensions>h;hh;hpp;hxx;hm;inl;inc;xsd</Extensions>
    </Filter>
    <Filter Include="Headerdateien\GameObjects">
      <UniqueIdentifier>{277eb48b-1583-4d15-8d47-c27678240a5b}</UniqueIdentifier>
    </Filter>
    <Filter Include="Headerdateien\DataStructures">
      <UniqueIdentifier>{0c1201df-85b1-40d7-b337-4455cd930538}</UniqueIdentifier>
    </Filter>
    <Filter Include="Headerdateien\Textures">
      <UniqueIdentifier>{e20cfbec-f63d-424a-a2c0-1a3e77b6ca3d}</UniqueIdentifier>
    </Filter>
    <Filter Include="Quelldateien\GameObjects">
      <UniqueIdentifier>{fe074ea9-35bd-4fed-b9bc-a4df5db232bc}</UniqueIdentifier>
    </Filter>
    <Filter Include="Quelldateien\Textures">
      <UniqueIdentifier>{c6abd12b-782d-434b-a514-a84995420f0c}</UniqueIdentifier>
    </Filter>
    <Filter Include="Headerdateien\StateMachine">
      <UniqueIdentifier>{46496c56-6fa2-4bb7-93d6-32ee2ac50d89}</UniqueIdentifier>
    </Filter>
    <Filter Include="Quelldateien\StateMachine">
      <UniqueIdentifier>{fe70fbf0-55ab-4856-8927-eb90d01866f2}</UniqueIdentifier>
    </Filter>
    <Filter Include="Quelldateien\DataStructures">
      <UniqueIdentifier>{9a120265-3da2-42c4-9e89-e9566ca09316}</UniqueIdentifier>
    </Filter>
    <Filter Include="Quelldateien\Input">
      <UniqueIdentifier>{5afc9361-fdd9-49df-9ccd-c36c060c7061}</UniqueIdentifier>
    </Filter>
    <Filter Include="Headerdateien\Parser">
      <UniqueIdentifier>{4d0881e6-54e2-4278-b9e1-40620f02eac4}</UniqueIdentifier>
    </Filter>
    <Filter Include="xmlFiles">
      <UniqueIdentifier>{0b5dad66-feb9-4e48-82b5-9a72a0b3baa2}</UniqueIdentifier>
    </Filter>
    <Filter Include="Quelldateien\Parser">
      <UniqueIdentifier>{930af4d8-4893-4be4-acd2-bb4e672f2bab}</UniqueIdentifier>
    </Filter>
    <Filter Include="Headerdateien\Environment">
      <UniqueIdentifier>{da5ed21d-e8ea-4306-bae3-50281b67cfc3}</UniqueIdentifier>
    </Filter>
    <Filter Include="Quelldateien\Environment">
      <UniqueIdentifier>{91836f7b-198e-4e94-ae27-29eb99baa035}</UniqueIdentifier>
    </Filter>
    <Filter Include="Headerdateien\View">
      <UniqueIdentifier>{4d726bc8-ca28-4361-a339-e53eadb152ff}</UniqueIdentifier>
    </Filter>
    <Filter Include="Quelldateien\View">
      <UniqueIdentifier>{7145e9f2-b5a6-42cc-aa86-ddb5ba0e569e}</UniqueIdentifier>
    </Filter>
    <Filter Include="Headerdateien\Utility">
      <UniqueIdentifier>{5162fad0-0a0f-4370-8524-81c6fd01991c}</UniqueIdentifier>
    </Filter>
    <Filter Include="Quelldateien\Utility">
      <UniqueIdentifier>{76c2de37-0029-4fdc-93c7-9d65d837e972}</UniqueIdentifier>
    </Filter>
    <Filter Include="Headerdateien\Scripting">
      <UniqueIdentifier>{472743b6-2812-4571-b2e1-913fa7fe1204}</UniqueIdentifier>
    </Filter>
    <Filter Include="Quelldateien\Scripting">
      <UniqueIdentifier>{565f7390-3090-4579-b9f8-0a3525d0e645}</UniqueIdentifier>
    </Filter>
    <Filter Include="Lua Skripts">
      <UniqueIdentifier>{82af50fd-0481-42d3-84d8-588c45546296}</UniqueIdentifier>
    </Filter>
    <Filter Include="Headerdateien\Input">
      <UniqueIdentifier>{ba7cec71-7450-4d0f-8275-e464fb720337}</UniqueIdentifier>
    </Filter>
    <Filter Include="Headerdateien\Scripting\LuaRegistrations">
      <UniqueIdentifier>{197b936e-5c23-415d-9097-e6272c76d870}</UniqueIdentifier>
    </Filter>
    <Filter Include="Quelldateien\Scripting\LuaRegistrations">
      <UniqueIdentifier>{a873a3b8-d65b-4bff-97c4-a5f9fe0545b7}</UniqueIdentifier>
    </Filter>
    <Filter Include="Quelldateien\GameObjects\Commands">
      <UniqueIdentifier>{11729c06-3663-4e02-8cee-68add4a62454}</UniqueIdentifier>
    </Filter>
    <Filter Include="Headerdateien\GameObjects\Commands">
      <UniqueIdentifier>{0d51c2e7-1efd-4531-863c-95238383468d}</UniqueIdentifier>
    </Filter>
    <Filter Include="Lua Skripts\Doors">
      <UniqueIdentifier>{9bc1e19f-e771-4c41-9a33-ef0e4e339e3f}</UniqueIdentifier>
    </Filter>
    <Filter Include="Lua Skripts\Buttons">
      <UniqueIdentifier>{90e751dc-3804-4af7-b589-4434f49ed995}</UniqueIdentifier>
    </Filter>
    <Filter Include="Lua Skripts\Misc">
      <UniqueIdentifier>{4315966e-9d94-4553-9d5a-9989d6e614c3}</UniqueIdentifier>
    </Filter>
    <Filter Include="Lua Skripts\Objects">
      <UniqueIdentifier>{d35a887b-4cb5-4824-b2e1-c088f2d81ce3}</UniqueIdentifier>
    </Filter>
    <Filter Include="Lua Skripts\Objects\NPCs">
      <UniqueIdentifier>{61d3914c-404c-4668-9c17-1522a2648a46}</UniqueIdentifier>
    </Filter>
    <Filter Include="Headerdateien\GameObjects\Inventory">
      <UniqueIdentifier>{bd1110fb-c537-4340-b690-51f2a12c1c6c}</UniqueIdentifier>
    </Filter>
    <Filter Include="Quelldateien\GameObjects\Inventory">
      <UniqueIdentifier>{800c10d7-b683-478d-9a1a-5e0b32c32544}</UniqueIdentifier>
    </Filter>
    <Filter Include="Lua Skripts\Inventory">
      <UniqueIdentifier>{530c8537-a4f8-420a-b197-d25f29a34bb8}</UniqueIdentifier>
    </Filter>
    <Filter Include="Lua Skripts\Quests">
      <UniqueIdentifier>{a78b0db7-0f7c-4c41-a587-2ef025fe94b0}</UniqueIdentifier>
    </Filter>
    <Filter Include="Lua Skripts\Inventory\Items">
      <UniqueIdentifier>{4478a63c-07c3-4f72-afe8-6d5126517e1b}</UniqueIdentifier>
    </Filter>
    <Filter Include="Lua Skripts\Quests\prologue">
      <UniqueIdentifier>{3a6c60b8-2f92-4942-ac03-53c15cae6a8a}</UniqueIdentifier>
    </Filter>
    <Filter Include="Lua Skripts\Quests\fixWatch">
      <UniqueIdentifier>{066a35a5-68c4-4a1a-9cbe-90fc3d172797}</UniqueIdentifier>
    </Filter>
  </ItemGroup>
  <ItemGroup>
    <ClCompile Include="main.cpp">
      <Filter>Quelldateien</Filter>
    </ClCompile>
    <ClCompile Include="Game.cpp">
      <Filter>Quelldateien</Filter>
    </ClCompile>
    <ClCompile Include="Logger.cpp">
      <Filter>Quelldateien</Filter>
    </ClCompile>
    <ClCompile Include="Test.cpp">
      <Filter>Quelldateien</Filter>
    </ClCompile>
    <ClCompile Include="Vector2D.cpp">
      <Filter>Quelldateien</Filter>
    </ClCompile>
    <ClCompile Include="SDL_GameObject.cpp">
      <Filter>Quelldateien\GameObjects</Filter>
    </ClCompile>
    <ClCompile Include="TextureManager.cpp">
      <Filter>Quelldateien\Textures</Filter>
    </ClCompile>
    <ClCompile Include="GameStateMachine.cpp">
      <Filter>Quelldateien\StateMachine</Filter>
    </ClCompile>
    <ClCompile Include="MenuState.cpp">
      <Filter>Quelldateien\StateMachine</Filter>
    </ClCompile>
    <ClCompile Include="PauseState.cpp">
      <Filter>Quelldateien\StateMachine</Filter>
    </ClCompile>
    <ClCompile Include="PlayState.cpp">
      <Filter>Quelldateien\StateMachine</Filter>
    </ClCompile>
    <ClCompile Include="StackDefinitions.cpp">
      <Filter>Quelldateien\DataStructures</Filter>
    </ClCompile>
    <ClCompile Include="NodeDefinitions.cpp">
      <Filter>Quelldateien\DataStructures</Filter>
    </ClCompile>
    <ClCompile Include="ClosureDefinitions.cpp">
      <Filter>Quelldateien\DataStructures</Filter>
    </ClCompile>
    <ClCompile Include="InputHandler.cpp">
      <Filter>Quelldateien\Input</Filter>
    </ClCompile>
    <ClCompile Include="Fps.cpp">
      <Filter>Quelldateien</Filter>
    </ClCompile>
    <ClCompile Include="Player.cpp">
      <Filter>Quelldateien\GameObjects</Filter>
    </ClCompile>
    <ClCompile Include="tinyxml2.cpp">
      <Filter>Quelldateien</Filter>
    </ClCompile>
    <ClCompile Include="Map.cpp">
      <Filter>Quelldateien\Environment</Filter>
    </ClCompile>
    <ClCompile Include="Tile.cpp">
      <Filter>Quelldateien\Environment</Filter>
    </ClCompile>
    <ClCompile Include="ObjectLayer.cpp">
      <Filter>Quelldateien\Environment</Filter>
    </ClCompile>
    <ClCompile Include="TileLayer.cpp">
      <Filter>Quelldateien\Environment</Filter>
    </ClCompile>
    <ClCompile Include="AnimationLayer.cpp">
      <Filter>Quelldateien\Environment</Filter>
    </ClCompile>
    <ClCompile Include="GameObjectFactory.cpp">
      <Filter>Quelldateien\GameObjects</Filter>
    </ClCompile>
    <ClCompile Include="Animation.cpp">
      <Filter>Quelldateien\GameObjects</Filter>
    </ClCompile>
    <ClCompile Include="Button.cpp">
      <Filter>Quelldateien\GameObjects</Filter>
    </ClCompile>
    <ClCompile Include="HowToPlayState.cpp">
      <Filter>Quelldateien\StateMachine</Filter>
    </ClCompile>
    <ClCompile Include="ObjectRectangle.cpp">
      <Filter>Quelldateien</Filter>
    </ClCompile>
    <ClCompile Include="Camera.cpp">
      <Filter>Quelldateien\View</Filter>
    </ClCompile>
    <ClCompile Include="UniqueIdGenerator.cpp">
      <Filter>Quelldateien\Utility</Filter>
    </ClCompile>
    <ClCompile Include="CollisionRectParser.cpp">
      <Filter>Quelldateien\Parser</Filter>
    </ClCompile>
    <ClCompile Include="MapParser.cpp">
      <Filter>Quelldateien\Parser</Filter>
    </ClCompile>
    <ClCompile Include="StateParser.cpp">
      <Filter>Quelldateien\Parser</Filter>
    </ClCompile>
    <ClCompile Include="ScriptLoader.cpp">
      <Filter>Quelldateien\Scripting</Filter>
    </ClCompile>
    <ClCompile Include="Script.cpp">
      <Filter>Quelldateien\Scripting</Filter>
    </ClCompile>
    <ClCompile Include="ScriptManager.cpp">
      <Filter>Quelldateien\Scripting</Filter>
    </ClCompile>
    <ClCompile Include="FontManager.cpp">
      <Filter>Quelldateien</Filter>
    </ClCompile>
    <ClCompile Include="PlayerLuaRegistration.cpp">
      <Filter>Quelldateien\Scripting\LuaRegistrations</Filter>
    </ClCompile>
    <ClCompile Include="BaseLuaRegistration.cpp">
      <Filter>Quelldateien\Scripting\LuaRegistrations</Filter>
    </ClCompile>
    <ClCompile Include="GameLuaRegistration.cpp">
      <Filter>Quelldateien\Scripting\LuaRegistrations</Filter>
    </ClCompile>
    <ClCompile Include="NPC.cpp">
      <Filter>Quelldateien\GameObjects</Filter>
    </ClCompile>
    <ClCompile Include="Story.cpp">
      <Filter>Quelldateien</Filter>
    </ClCompile>
    <ClCompile Include="StoryParser.cpp">
      <Filter>Quelldateien\Parser</Filter>
    </ClCompile>
    <ClCompile Include="NPCLuaRegistration.cpp">
      <Filter>Quelldateien\Scripting\LuaRegistrations</Filter>
    </ClCompile>
    <ClCompile Include="CommandQueue.cpp">
      <Filter>Quelldateien\GameObjects\Commands</Filter>
    </ClCompile>
    <ClCompile Include="MoveCommand.cpp">
      <Filter>Quelldateien\GameObjects\Commands</Filter>
    </ClCompile>
    <ClCompile Include="Dialog.cpp">
      <Filter>Quelldateien\GameObjects</Filter>
    </ClCompile>
    <ClCompile Include="DialogCommand.cpp">
      <Filter>Quelldateien\GameObjects\Commands</Filter>
    </ClCompile>
    <ClCompile Include="StunCommand.cpp">
      <Filter>Quelldateien\GameObjects\Commands</Filter>
    </ClCompile>
    <ClCompile Include="Door.cpp">
      <Filter>Quelldateien\GameObjects</Filter>
    </ClCompile>
    <ClCompile Include="SDL_ObjectLuaRegistration.cpp">
      <Filter>Quelldateien\Scripting\LuaRegistrations</Filter>
    </ClCompile>
    <ClCompile Include="ButtonLuaRegistration.cpp">
      <Filter>Quelldateien\Scripting\LuaRegistrations</Filter>
    </ClCompile>
    <ClCompile Include="ItemList.cpp">
      <Filter>Quelldateien\GameObjects\Inventory</Filter>
    </ClCompile>
    <ClCompile Include="IngameState.cpp">
      <Filter>Quelldateien\StateMachine</Filter>
    </ClCompile>
    <ClCompile Include="InventoryState.cpp">
      <Filter>Quelldateien\StateMachine</Filter>
    </ClCompile>
    <ClCompile Include="NotebookState.cpp">
      <Filter>Quelldateien\StateMachine</Filter>
    </ClCompile>
    <ClCompile Include="Notebook.cpp">
      <Filter>Quelldateien\GameObjects</Filter>
    </ClCompile>
    <ClCompile Include="Page.cpp">
      <Filter>Quelldateien\GameObjects</Filter>
    </ClCompile>
    <ClCompile Include="ImageProcessing.cpp">
      <Filter>Quelldateien\Utility</Filter>
    </ClCompile>
    <ClCompile Include="Item.cpp">
      <Filter>Quelldateien\GameObjects\Inventory</Filter>
    </ClCompile>
    <ClCompile Include="Clock.cpp">
      <Filter>Quelldateien\GameObjects</Filter>
    </ClCompile>
  </ItemGroup>
  <ItemGroup>
    <ClInclude Include="Game.h">
      <Filter>Headerdateien</Filter>
    </ClInclude>
    <ClInclude Include="Logger.h">
      <Filter>Headerdateien</Filter>
    </ClInclude>
    <ClInclude Include="Test.h">
      <Filter>Headerdateien</Filter>
    </ClInclude>
    <ClInclude Include="Vector2D.h">
      <Filter>Headerdateien</Filter>
    </ClInclude>
    <ClInclude Include="ParamLoader.h">
      <Filter>Headerdateien</Filter>
    </ClInclude>
    <ClInclude Include="StackElement.h">
      <Filter>Headerdateien\DataStructures</Filter>
    </ClInclude>
    <ClInclude Include="TextureManager.h">
      <Filter>Headerdateien\Textures</Filter>
    </ClInclude>
    <ClInclude Include="SDL_GameObject.h">
      <Filter>Headerdateien\GameObjects</Filter>
    </ClInclude>
    <ClInclude Include="GameObject.h">
      <Filter>Headerdateien\GameObjects</Filter>
    </ClInclude>
    <ClInclude Include="GameState.h">
      <Filter>Headerdateien\StateMachine</Filter>
    </ClInclude>
    <ClInclude Include="GameStateMachine.h">
      <Filter>Headerdateien\StateMachine</Filter>
    </ClInclude>
    <ClInclude Include="MenuState.h">
      <Filter>Headerdateien\StateMachine</Filter>
    </ClInclude>
    <ClInclude Include="PlayState.h">
      <Filter>Headerdateien\StateMachine</Filter>
    </ClInclude>
    <ClInclude Include="PauseState.h">
      <Filter>Headerdateien\StateMachine</Filter>
    </ClInclude>
    <ClInclude Include="StackDeclarations.h">
      <Filter>Headerdateien\DataStructures</Filter>
    </ClInclude>
    <ClInclude Include="Stack.h">
      <Filter>Headerdateien\DataStructures</Filter>
    </ClInclude>
    <ClInclude Include="NodeDeclarations.h">
      <Filter>Headerdateien\DataStructures</Filter>
    </ClInclude>
    <ClInclude Include="Node.h">
      <Filter>Headerdateien\DataStructures</Filter>
    </ClInclude>
    <ClInclude Include="ClosureDeclarations.h">
      <Filter>Headerdateien\DataStructures</Filter>
    </ClInclude>
    <ClInclude Include="Closure.h">
      <Filter>Headerdateien\DataStructures</Filter>
    </ClInclude>
    <ClInclude Include="InputHandler.h">
      <Filter>Headerdateien\Input</Filter>
    </ClInclude>
    <ClInclude Include="Player.h">
      <Filter>Headerdateien\GameObjects</Filter>
    </ClInclude>
    <ClInclude Include="tinyxml2.h">
      <Filter>Headerdateien</Filter>
    </ClInclude>
    <ClInclude Include="Map.h">
      <Filter>Headerdateien\Environment</Filter>
    </ClInclude>
    <ClInclude Include="Layer.h">
      <Filter>Headerdateien\Environment</Filter>
    </ClInclude>
    <ClInclude Include="ObjectLayer.h">
      <Filter>Headerdateien\Environment</Filter>
    </ClInclude>
    <ClInclude Include="Tile.h">
      <Filter>Headerdateien\Environment</Filter>
    </ClInclude>
    <ClInclude Include="TileLayer.h">
      <Filter>Headerdateien\Environment</Filter>
    </ClInclude>
    <ClInclude Include="AnimationLayer.h">
      <Filter>Headerdateien\Environment</Filter>
    </ClInclude>
    <ClInclude Include="GameObjectFactory.h">
      <Filter>Headerdateien\GameObjects</Filter>
    </ClInclude>
    <ClInclude Include="Animation.h">
      <Filter>Headerdateien\GameObjects</Filter>
    </ClInclude>
    <ClInclude Include="Button.h">
      <Filter>Headerdateien\GameObjects</Filter>
    </ClInclude>
    <ClInclude Include="HowToPlayState.h">
      <Filter>Headerdateien\StateMachine</Filter>
    </ClInclude>
    <ClInclude Include="ObjectRectangle.h">
      <Filter>Headerdateien</Filter>
    </ClInclude>
    <ClInclude Include="Camera.h">
      <Filter>Headerdateien\View</Filter>
    </ClInclude>
    <ClInclude Include="UniqueIdGenerator.h">
      <Filter>Headerdateien\Utility</Filter>
    </ClInclude>
    <ClInclude Include="MapParser.h">
      <Filter>Headerdateien\Parser</Filter>
    </ClInclude>
    <ClInclude Include="StateParser.h">
      <Filter>Headerdateien\Parser</Filter>
    </ClInclude>
    <ClInclude Include="Fps.h">
      <Filter>Headerdateien</Filter>
    </ClInclude>
    <ClInclude Include="CollisionRectParser.h">
      <Filter>Headerdateien\Parser</Filter>
    </ClInclude>
    <ClInclude Include="ScriptLoader.h">
      <Filter>Headerdateien\Scripting</Filter>
    </ClInclude>
    <ClInclude Include="Script.h">
      <Filter>Headerdateien\Scripting</Filter>
    </ClInclude>
    <ClInclude Include="ScriptManager.h">
      <Filter>Headerdateien\Scripting</Filter>
    </ClInclude>
    <ClInclude Include="FontManager.h">
      <Filter>Headerdateien</Filter>
    </ClInclude>
    <ClInclude Include="BaseLuaRegistration.h">
      <Filter>Headerdateien\Scripting\LuaRegistrations</Filter>
    </ClInclude>
    <ClInclude Include="PlayerLuaRegistration.h">
      <Filter>Headerdateien\Scripting\LuaRegistrations</Filter>
    </ClInclude>
    <ClInclude Include="GameLuaRegistration.h">
      <Filter>Headerdateien\Scripting\LuaRegistrations</Filter>
    </ClInclude>
    <ClInclude Include="NPC.h">
      <Filter>Headerdateien\GameObjects</Filter>
    </ClInclude>
    <ClInclude Include="Story.h">
      <Filter>Headerdateien</Filter>
    </ClInclude>
    <ClInclude Include="StoryParser.h">
      <Filter>Headerdateien\Parser</Filter>
    </ClInclude>
    <ClInclude Include="NPCLuaRegistration.h">
      <Filter>Headerdateien\Scripting\LuaRegistrations</Filter>
    </ClInclude>
    <ClInclude Include="CommandQueue.h">
      <Filter>Headerdateien\GameObjects\Commands</Filter>
    </ClInclude>
    <ClInclude Include="BaseCommand.h">
      <Filter>Headerdateien\GameObjects\Commands</Filter>
    </ClInclude>
    <ClInclude Include="MoveCommand.h">
      <Filter>Headerdateien\GameObjects\Commands</Filter>
    </ClInclude>
    <ClInclude Include="Dialog.h">
      <Filter>Headerdateien\GameObjects</Filter>
    </ClInclude>
    <ClInclude Include="DialogCommand.h">
      <Filter>Headerdateien\GameObjects\Commands</Filter>
    </ClInclude>
    <ClInclude Include="StunCommand.h">
      <Filter>Headerdateien\GameObjects\Commands</Filter>
    </ClInclude>
    <ClInclude Include="Door.h">
      <Filter>Headerdateien\GameObjects</Filter>
    </ClInclude>
    <ClInclude Include="SDL_ObjectLuaRegistration.h">
      <Filter>Headerdateien\Scripting\LuaRegistrations</Filter>
    </ClInclude>
    <ClInclude Include="ButtonLuaRegistration.h">
      <Filter>Headerdateien\Scripting\LuaRegistrations</Filter>
    </ClInclude>
    <ClInclude Include="Item.h">
      <Filter>Headerdateien\GameObjects\Inventory</Filter>
    </ClInclude>
    <ClInclude Include="ItemList.h">
      <Filter>Headerdateien\GameObjects\Inventory</Filter>
    </ClInclude>
    <ClInclude Include="IngameState.h">
      <Filter>Headerdateien\StateMachine</Filter>
    </ClInclude>
    <ClInclude Include="InventoryState.h">
      <Filter>Headerdateien\StateMachine</Filter>
    </ClInclude>
    <ClInclude Include="NotebookState.h">
      <Filter>Headerdateien\StateMachine</Filter>
    </ClInclude>
    <ClInclude Include="Notebook.h">
      <Filter>Headerdateien\GameObjects</Filter>
    </ClInclude>
    <ClInclude Include="Page.h">
      <Filter>Headerdateien\GameObjects</Filter>
    </ClInclude>
    <ClInclude Include="ImageProcessing.h">
      <Filter>Headerdateien\Utility</Filter>
    </ClInclude>
    <ClInclude Include="Clock.h">
      <Filter>Headerdateien\GameObjects</Filter>
    </ClInclude>
    <ClInclude Include="resource.h">
      <Filter>Headerdateien</Filter>
    </ClInclude>
  </ItemGroup>
  <ItemGroup>
    <Xml Include="xmlFiles\states.xml">
      <Filter>xmlFiles</Filter>
    </Xml>
    <Xml Include="xmlFiles\stinker.xml">
      <Filter>xmlFiles</Filter>
    </Xml>
    <Xml Include="xmlFiles\maps.xml">
      <Filter>xmlFiles</Filter>
    </Xml>
    <Xml Include="xmlFiles\collisionRects.xml">
      <Filter>xmlFiles</Filter>
    </Xml>
    <Xml Include="xmlFiles\quests.xml">
      <Filter>xmlFiles</Filter>
    </Xml>
    <Xml Include="xmlFiles\save.xml">
      <Filter>xmlFiles</Filter>
    </Xml>
    <Xml Include="xmlFiles\scripts.xml">
      <Filter>xmlFiles</Filter>
    </Xml>
  </ItemGroup>
  <ItemGroup>
    <None Include="ClassDiagram.cd" />
    <None Include="Scripts\default.lua">
      <Filter>Lua Skripts</Filter>
    </None>
    <None Include="Scripts\Buttons\buttonExit.lua">
      <Filter>Lua Skripts\Buttons</Filter>
    </None>
    <None Include="Scripts\Buttons\buttonHowToPlay.lua">
      <Filter>Lua Skripts\Buttons</Filter>
    </None>
    <None Include="Scripts\Buttons\buttonMainMenu.lua">
      <Filter>Lua Skripts\Buttons</Filter>
    </None>
    <None Include="Scripts\Buttons\buttonPlay.lua">
      <Filter>Lua Skripts\Buttons</Filter>
    </None>
    <None Include="Scripts\Buttons\buttonResize.lua">
      <Filter>Lua Skripts\Buttons</Filter>
    </None>
    <None Include="Scripts\Buttons\buttonResume.lua">
      <Filter>Lua Skripts\Buttons</Filter>
    </None>
    <None Include="Scripts\Buttons\buttonSave.lua">
      <Filter>Lua Skripts\Buttons</Filter>
    </None>
    <None Include="Scripts\Misc\koramu.lua">
      <Filter>Lua Skripts\Misc</Filter>
    </None>
    <None Include="Scripts\Objects\player.lua">
      <Filter>Lua Skripts\Objects</Filter>
    </None>
    <None Include="Scripts\test\npc1.lua">
      <Filter>Lua Skripts\Objects\NPCs</Filter>
    </None>
    <None Include="Scripts\Inventory\Items\topHat.lua">
      <Filter>Lua Skripts\Inventory\Items</Filter>
    </None>
    <None Include="Scripts\Inventory\itemList.lua">
      <Filter>Lua Skripts\Inventory</Filter>
    </None>
    <None Include="Scripts\Objects\Doors\ownHouseDoorEntry.lua">
      <Filter>Lua Skripts\Doors</Filter>
    </None>
    <None Include="Scripts\Objects\Doors\ownHouseDoorExit.lua">
      <Filter>Lua Skripts\Doors</Filter>
    </None>
    <None Include="Scripts\Objects\NPCs\littleGirl.lua">
      <Filter>Lua Skripts\Objects\NPCs</Filter>
    </None>
    <None Include="Scripts\Quests\prologue\prologue.lua">
      <Filter>Lua Skripts\Quests\prologue</Filter>
    </None>
    <None Include="Scripts\Quests\prologue\startGame.lua">
      <Filter>Lua Skripts\Quests\prologue</Filter>
    </None>
    <None Include="Scripts\Objects\Doors\clockmakerHouseEntry.lua">
      <Filter>Lua Skripts\Doors</Filter>
    </None>
    <None Include="Scripts\Objects\Doors\clockmakerHouseExit.lua">
      <Filter>Lua Skripts\Doors</Filter>
    </None>
    <None Include="Scripts\Objects\NPCs\clockmaker.lua">
      <Filter>Lua Skripts\Objects\NPCs</Filter>
    </None>
    <None Include="Scripts\Quests\fixWatch\findClockmaker.lua">
      <Filter>Lua Skripts\Quests\fixWatch</Filter>
    </None>
    <None Include="Scripts\Objects\NPCs\jenny.lua">
      <Filter>Lua Skripts\Objects\NPCs</Filter>
    </None>
    <None Include="Scripts\Objects\NPCs\policeman.lua">
      <Filter>Lua Skripts\Objects\NPCs</Filter>
    </None>
    <None Include="Scripts\Objects\NPCs\priest.lua">
      <Filter>Lua Skripts\Objects\NPCs</Filter>
    </None>
    <None Include="Scripts\Inventory\Items\watch.lua">
      <Filter>Lua Skripts\Inventory\Items</Filter>
    </None>
  </ItemGroup>
  <ItemGroup>
    <ResourceCompile Include="Koramu.rc" />
  </ItemGroup>
  <ItemGroup>
    <Image Include="..\assets\tophat_icon.ico" />
  </ItemGroup>
</Project>