<?xml version="1.0" encoding="utf-8"?>
<Project ToolsVersion="4.0" xmlns="http://schemas.microsoft.com/developer/msbuild/2003">
  <ItemGroup>
    <Filter Include="Quelldateien">
      <UniqueIdentifier>{4FC737F1-C7A5-4376-A066-2A32D752A2FF}</UniqueIdentifier>
      <Extensions>cpp;c;cc;cxx;def;odl;idl;hpj;bat;asm;asmx</Extensions>
    </Filter>
    <Filter Include="Headerdateien">
      <UniqueIdentifier>{93995380-89BD-4b04-88EB-625FBE52EBFB}</UniqueIdentifier>
      <Extensions>h;hh;hpp;hxx;hm;inl;inc;xsd</Extensions>
    </Filter>
    <Filter Include="Headerdateien\GameObjects">
      <UniqueIdentifier>{277eb48b-1583-4d15-8d47-c27678240a5b}</UniqueIdentifier>
    </Filter>
    <Filter Include="Headerdateien\DataStructures">
      <UniqueIdentifier>{0c1201df-85b1-40d7-b337-4455cd930538}</UniqueIdentifier>
    </Filter>
    <Filter Include="Headerdateien\Textures">
      <UniqueIdentifier>{e20cfbec-f63d-424a-a2c0-1a3e77b6ca3d}</UniqueIdentifier>
    </Filter>
    <Filter Include="Quelldateien\GameObjects">
      <UniqueIdentifier>{fe074ea9-35bd-4fed-b9bc-a4df5db232bc}</UniqueIdentifier>
    </Filter>
    <Filter Include="Quelldateien\Textures">
      <UniqueIdentifier>{c6abd12b-782d-434b-a514-a84995420f0c}</UniqueIdentifier>
    </Filter>
    <Filter Include="Headerdateien\StateMachine">
      <UniqueIdentifier>{46496c56-6fa2-4bb7-93d6-32ee2ac50d89}</UniqueIdentifier>
    </Filter>
    <Filter Include="Quelldateien\StateMachine">
      <UniqueIdentifier>{fe70fbf0-55ab-4856-8927-eb90d01866f2}</UniqueIdentifier>
    </Filter>
    <Filter Include="Quelldateien\DataStructures">
      <UniqueIdentifier>{9a120265-3da2-42c4-9e89-e9566ca09316}</UniqueIdentifier>
    </Filter>
    <Filter Include="Headerdateien\Input">
      <UniqueIdentifier>{ba7cec71-7450-4d0f-8275-e464fb720337}</UniqueIdentifier>
    </Filter>
    <Filter Include="Quelldateien\Input">
      <UniqueIdentifier>{5afc9361-fdd9-49df-9ccd-c36c060c7061}</UniqueIdentifier>
    </Filter>
  </ItemGroup>
  <ItemGroup>
    <ClCompile Include="main.cpp">
      <Filter>Quelldateien</Filter>
    </ClCompile>
    <ClCompile Include="Game.cpp">
      <Filter>Quelldateien</Filter>
    </ClCompile>
    <ClCompile Include="Logger.cpp">
      <Filter>Quelldateien</Filter>
    </ClCompile>
    <ClCompile Include="Test.cpp">
      <Filter>Quelldateien</Filter>
    </ClCompile>
    <ClCompile Include="Vector2D.cpp">
      <Filter>Quelldateien</Filter>
    </ClCompile>
    <ClCompile Include="SDL_GameObject.cpp">
      <Filter>Quelldateien\GameObjects</Filter>
    </ClCompile>
    <ClCompile Include="TextureManager.cpp">
      <Filter>Quelldateien\Textures</Filter>
    </ClCompile>
    <ClCompile Include="GameStateMachine.cpp">
      <Filter>Quelldateien\StateMachine</Filter>
    </ClCompile>
    <ClCompile Include="MenuState.cpp">
      <Filter>Quelldateien\StateMachine</Filter>
    </ClCompile>
    <ClCompile Include="PauseState.cpp">
      <Filter>Quelldateien\StateMachine</Filter>
    </ClCompile>
    <ClCompile Include="PlayState.cpp">
      <Filter>Quelldateien\StateMachine</Filter>
    </ClCompile>
    <ClCompile Include="StackDefinitions.cpp">
      <Filter>Quelldateien\DataStructures</Filter>
    </ClCompile>
    <ClCompile Include="NodeDefinitions.cpp">
      <Filter>Quelldateien\DataStructures</Filter>
    </ClCompile>
    <ClCompile Include="ClosureDefinitions.cpp">
      <Filter>Quelldateien\DataStructures</Filter>
    </ClCompile>
    <ClCompile Include="InputHandler.cpp">
      <Filter>Quelldateien\Input</Filter>
    </ClCompile>
  </ItemGroup>
  <ItemGroup>
    <ClInclude Include="Game.h">
      <Filter>Headerdateien</Filter>
    </ClInclude>
    <ClInclude Include="Logger.h">
      <Filter>Headerdateien</Filter>
    </ClInclude>
    <ClInclude Include="Test.h">
      <Filter>Headerdateien</Filter>
    </ClInclude>
    <ClInclude Include="Vector2D.h">
      <Filter>Headerdateien</Filter>
    </ClInclude>
    <ClInclude Include="ParamLoader.h">
      <Filter>Headerdateien</Filter>
    </ClInclude>
    <ClInclude Include="StackElement.h">
      <Filter>Headerdateien\DataStructures</Filter>
    </ClInclude>
    <ClInclude Include="TextureManager.h">
      <Filter>Headerdateien\Textures</Filter>
    </ClInclude>
    <ClInclude Include="SDL_GameObject.h">
      <Filter>Headerdateien\GameObjects</Filter>
    </ClInclude>
    <ClInclude Include="GameObject.h">
      <Filter>Headerdateien\GameObjects</Filter>
    </ClInclude>
    <ClInclude Include="GameState.h">
      <Filter>Headerdateien\StateMachine</Filter>
    </ClInclude>
    <ClInclude Include="GameStateMachine.h">
      <Filter>Headerdateien\StateMachine</Filter>
    </ClInclude>
    <ClInclude Include="MenuState.h">
      <Filter>Headerdateien\StateMachine</Filter>
    </ClInclude>
    <ClInclude Include="PlayState.h">
      <Filter>Headerdateien\StateMachine</Filter>
    </ClInclude>
    <ClInclude Include="PauseState.h">
      <Filter>Headerdateien\StateMachine</Filter>
    </ClInclude>
    <ClInclude Include="StackDeclarations.h">
      <Filter>Headerdateien\DataStructures</Filter>
    </ClInclude>
    <ClInclude Include="Stack.h">
      <Filter>Headerdateien\DataStructures</Filter>
    </ClInclude>
    <ClInclude Include="NodeDeclarations.h">
      <Filter>Headerdateien\DataStructures</Filter>
    </ClInclude>
    <ClInclude Include="Node.h">
      <Filter>Headerdateien\DataStructures</Filter>
    </ClInclude>
    <ClInclude Include="ClosureDeclarations.h">
      <Filter>Headerdateien\DataStructures</Filter>
    </ClInclude>
    <ClInclude Include="Closure.h">
      <Filter>Headerdateien\DataStructures</Filter>
    </ClInclude>
    <ClInclude Include="InputHandler.h">
      <Filter>Headerdateien\Input</Filter>
    </ClInclude>
  </ItemGroup>
</Project>